
Microsoft Visual Studio Solution File, Format Version 12.00
# Visual Studio 15
Project("{FAE04EC0-301F-11D3-BF4B-00C04F79EFBC}") = "ConsoleApp7", "ConsoleApp7\ConsoleApp7.csproj", "{84C87FD0-1265-4EE2-9AA2-8810F780583C}"
EndProject
Global
	GlobalSection(SolutionConfigurationPlatforms) = preSolution
		Debug|Any CPU = Debug|Any CPU
		Release|Any CPU = Release|Any CPU
	EndGlobalSection
	GlobalSection(ProjectConfigurationPlatforms) = postSolution
		{84C87FD0-1265-4EE2-9AA2-8810F780583C}.Debug|Any CPU.ActiveCfg = Debug|Any CPU
		{84C87FD0-1265-4EE2-9AA2-8810F780583C}.Debug|Any CPU.Build.0 = Debug|Any CPU
		{84C87FD0-1265-4EE2-9AA2-8810F780583C}.Release|Any CPU.ActiveCfg = Release|Any CPU
		{84C87FD0-1265-4EE2-9AA2-8810F780583C}.Release|Any CPU.Build.0 = Release|Any CPU
	EndGlobalSection
EndGlobal
