
Microsoft Visual Studio Solution File, Format Version 12.00
# Visual Studio Version 16
VisualStudioVersion = 16.0.30621.155
MinimumVisualStudioVersion = 10.0.40219.1
Project("{FAE04EC0-301F-11D3-BF4B-00C04F79EFBC}") = "WpfApp24", "WpfApp24\WpfApp24.csproj", "{4E149E91-F4AA-4507-83A5-3DA370B0A864}"
EndProject
Project("{FAE04EC0-301F-11D3-BF4B-00C04F79EFBC}") = "WpfApp24.Domain", "WpfApp24.Domain\WpfApp24.Domain.csproj", "{041EF6A3-363F-42E4-8261-F6D4B1AF0647}"
EndProject
Project("{FAE04EC0-301F-11D3-BF4B-00C04F79EFBC}") = "WpfApp24.Database", "WpfApp24.Database\WpfApp24.Database.csproj", "{8E130BF7-208F-4D9B-9D99-FAC92F8756B7}"
EndProject
Project("{FAE04EC0-301F-11D3-BF4B-00C04F79EFBC}") = "WpfApp24.Services", "WpfApp24.Services\WpfApp24.Services.csproj", "{13783256-539A-4F1A-A7DB-BA208A992D70}"
EndProject
Global
	GlobalSection(SolutionConfigurationPlatforms) = preSolution
		Debug|Any CPU = Debug|Any CPU
		Release|Any CPU = Release|Any CPU
	EndGlobalSection
	GlobalSection(ProjectConfigurationPlatforms) = postSolution
		{4E149E91-F4AA-4507-83A5-3DA370B0A864}.Debug|Any CPU.ActiveCfg = Debug|Any CPU
		{4E149E91-F4AA-4507-83A5-3DA370B0A864}.Debug|Any CPU.Build.0 = Debug|Any CPU
		{4E149E91-F4AA-4507-83A5-3DA370B0A864}.Release|Any CPU.ActiveCfg = Release|Any CPU
		{4E149E91-F4AA-4507-83A5-3DA370B0A864}.Release|Any CPU.Build.0 = Release|Any CPU
		{041EF6A3-363F-42E4-8261-F6D4B1AF0647}.Debug|Any CPU.ActiveCfg = Debug|Any CPU
		{041EF6A3-363F-42E4-8261-F6D4B1AF0647}.Debug|Any CPU.Build.0 = Debug|Any CPU
		{041EF6A3-363F-42E4-8261-F6D4B1AF0647}.Release|Any CPU.ActiveCfg = Release|Any CPU
		{041EF6A3-363F-42E4-8261-F6D4B1AF0647}.Release|Any CPU.Build.0 = Release|Any CPU
		{8E130BF7-208F-4D9B-9D99-FAC92F8756B7}.Debug|Any CPU.ActiveCfg = Debug|Any CPU
		{8E130BF7-208F-4D9B-9D99-FAC92F8756B7}.Debug|Any CPU.Build.0 = Debug|Any CPU
		{8E130BF7-208F-4D9B-9D99-FAC92F8756B7}.Release|Any CPU.ActiveCfg = Release|Any CPU
		{8E130BF7-208F-4D9B-9D99-FAC92F8756B7}.Release|Any CPU.Build.0 = Release|Any CPU
		{13783256-539A-4F1A-A7DB-BA208A992D70}.Debug|Any CPU.ActiveCfg = Debug|Any CPU
		{13783256-539A-4F1A-A7DB-BA208A992D70}.Debug|Any CPU.Build.0 = Debug|Any CPU
		{13783256-539A-4F1A-A7DB-BA208A992D70}.Release|Any CPU.ActiveCfg = Release|Any CPU
		{13783256-539A-4F1A-A7DB-BA208A992D70}.Release|Any CPU.Build.0 = Release|Any CPU
	EndGlobalSection
	GlobalSection(SolutionProperties) = preSolution
		HideSolutionNode = FALSE
	EndGlobalSection
	GlobalSection(ExtensibilityGlobals) = postSolution
		SolutionGuid = {E148662E-D2F9-4909-B785-75BFFD54232A}
	EndGlobalSection
EndGlobal
